Microsoft Visual Studio Solution File, Format Version 12.00
# Visual Studio Version 17
VisualStudioVersion = 17.13.35919.96
MinimumVisualStudioVersion = 10.0.40219.1
Project("{FAE04EC0-301F-11D3-BF4B-00C04F79EFBC}") = "ProjetoProduto", "ProjetoProduto.csproj", "{13E47240-9F08-4F1E-8D8A-6B143952558A}"
EndProject
Global
	GlobalSection(SolutionConfigurationPlatforms) = preSolution
		Debug|Any CPU = Debug|Any CPU
		Release|Any CPU = Release|Any CPU
	EndGlobalSection
	GlobalSection(ProjectConfigurationPlatforms) = postSolution
		{13E47240-9F08-4F1E-8D8A-6B143952558A}.Debug|Any CPU.ActiveCfg = Debug|Any CPU
		{13E47240-9F08-4F1E-8D8A-6B143952558A}.Debug|Any CPU.Build.0 = Debug|Any CPU
		{13E47240-9F08-4F1E-8D8A-6B143952558A}.Release|Any CPU.ActiveCfg = Release|Any CPU
		{13E47240-9F08-4F1E-8D8A-6B143952558A}.Release|Any CPU.Build.0 = Release|Any CPU
	EndGlobalSection
	GlobalSection(SolutionProperties) = preSolution
		HideSolutionNode = FALSE
	EndGlobalSection
	GlobalSection(ExtensibilityGlobals) = postSolution
		SolutionGuid = {68973DB5-44BC-42F0-89E9-1AF015331DE8}
	EndGlobalSection
EndGlobal
